
Microsoft Visual Studio Solution File, Format Version 12.00
# Visual Studio Version 17
VisualStudioVersion = 17.3.32825.248
MinimumVisualStudioVersion = 10.0.40219.1
Project("{9A19103F-16F7-4668-BE54-9A1E7A4F7556}") = "calculator_decimals", "calculator-decimals\calculator_decimals.csproj", "{A3F2C31F-124E-491E-BF43-C62DCDFB9252}"
EndProject
Project("{FAE04EC0-301F-11D3-BF4B-00C04F79EFBC}") = "calculator_decimalsTests.Ts", "calculator_decimalsTests.Ts\calculator_decimalsTests.Ts.csproj", "{3E63372F-9C84-44D6-B3F4-061A362A526F}"
EndProject
Global
	GlobalSection(SolutionConfigurationPlatforms) = preSolution
		Debug|Any CPU = Debug|Any CPU
		Release|Any CPU = Release|Any CPU
	EndGlobalSection
	GlobalSection(ProjectConfigurationPlatforms) = postSolution
		{A3F2C31F-124E-491E-BF43-C62DCDFB9252}.Debug|Any CPU.ActiveCfg = Debug|Any CPU
		{A3F2C31F-124E-491E-BF43-C62DCDFB9252}.Debug|Any CPU.Build.0 = Debug|Any CPU
		{A3F2C31F-124E-491E-BF43-C62DCDFB9252}.Release|Any CPU.ActiveCfg = Release|Any CPU
		{A3F2C31F-124E-491E-BF43-C62DCDFB9252}.Release|Any CPU.Build.0 = Release|Any CPU
		{3E63372F-9C84-44D6-B3F4-061A362A526F}.Debug|Any CPU.ActiveCfg = Debug|Any CPU
		{3E63372F-9C84-44D6-B3F4-061A362A526F}.Debug|Any CPU.Build.0 = Debug|Any CPU
		{3E63372F-9C84-44D6-B3F4-061A362A526F}.Release|Any CPU.ActiveCfg = Release|Any CPU
		{3E63372F-9C84-44D6-B3F4-061A362A526F}.Release|Any CPU.Build.0 = Release|Any CPU
	EndGlobalSection
	GlobalSection(SolutionProperties) = preSolution
		HideSolutionNode = FALSE
	EndGlobalSection
	GlobalSection(ExtensibilityGlobals) = postSolution
		SolutionGuid = {88654732-4248-4C06-8864-9BBA6062A099}
	EndGlobalSection
EndGlobal
